
Microsoft Visual Studio Solution File, Format Version 12.00
# Visual Studio Version 17
VisualStudioVersion = 17.14.36109.1
MinimumVisualStudioVersion = 10.0.40219.1
Project("{FAE04EC0-301F-11D3-BF4B-00C04F79EFBC}") = "Producer", "Producer\Producer.csproj", "{ADAF293F-C5F5-4B83-BE0D-1CB562E8BA21}"
EndProject
Project("{FAE04EC0-301F-11D3-BF4B-00C04F79EFBC}") = "Consumer", "Consumer\Consumer.csproj", "{F239540B-555D-4094-97D1-76A06ABC9A28}"
EndProject
Project("{FAE04EC0-301F-11D3-BF4B-00C04F79EFBC}") = "Gestao_app", "Gestao_app\Gestao_app.csproj", "{B6BB94F8-4342-87A1-7472-E8E9D6F0868C}"
EndProject
Project("{FAE04EC0-301F-11D3-BF4B-00C04F79EFBC}") = "Client_Soap", "Client_Soap\Client_Soap.csproj", "{75C69D94-5CCB-4036-8080-E1AE05C6C6BA}"
EndProject
Project("{FAE04EC0-301F-11D3-BF4B-00C04F79EFBC}") = "API_SOAP", "API_SOAP\API_SOAP.csproj", "{05057C56-8F2C-44A2-B14E-E9D9DEC8F89C}"
EndProject
Project("{FAE04EC0-301F-11D3-BF4B-00C04F79EFBC}") = "ProducaoAPI", "ProducaoAPI\ProducaoAPI.csproj", "{12F4A10C-369F-1DCC-2506-522160D22B7A}"
EndProject
Global
	GlobalSection(SolutionConfigurationPlatforms) = preSolution
		Debug|Any CPU = Debug|Any CPU
		Release|Any CPU = Release|Any CPU
	EndGlobalSection
	GlobalSection(ProjectConfigurationPlatforms) = postSolution
		{ADAF293F-C5F5-4B83-BE0D-1CB562E8BA21}.Debug|Any CPU.ActiveCfg = Debug|Any CPU
		{ADAF293F-C5F5-4B83-BE0D-1CB562E8BA21}.Debug|Any CPU.Build.0 = Debug|Any CPU
		{ADAF293F-C5F5-4B83-BE0D-1CB562E8BA21}.Release|Any CPU.ActiveCfg = Release|Any CPU
		{ADAF293F-C5F5-4B83-BE0D-1CB562E8BA21}.Release|Any CPU.Build.0 = Release|Any CPU
		{F239540B-555D-4094-97D1-76A06ABC9A28}.Debug|Any CPU.ActiveCfg = Debug|Any CPU
		{F239540B-555D-4094-97D1-76A06ABC9A28}.Debug|Any CPU.Build.0 = Debug|Any CPU
		{F239540B-555D-4094-97D1-76A06ABC9A28}.Release|Any CPU.ActiveCfg = Release|Any CPU
		{F239540B-555D-4094-97D1-76A06ABC9A28}.Release|Any CPU.Build.0 = Release|Any CPU
		{B6BB94F8-4342-87A1-7472-E8E9D6F0868C}.Debug|Any CPU.ActiveCfg = Debug|Any CPU
		{B6BB94F8-4342-87A1-7472-E8E9D6F0868C}.Debug|Any CPU.Build.0 = Debug|Any CPU
		{B6BB94F8-4342-87A1-7472-E8E9D6F0868C}.Release|Any CPU.ActiveCfg = Release|Any CPU
		{B6BB94F8-4342-87A1-7472-E8E9D6F0868C}.Release|Any CPU.Build.0 = Release|Any CPU
		{75C69D94-5CCB-4036-8080-E1AE05C6C6BA}.Debug|Any CPU.ActiveCfg = Debug|Any CPU
		{75C69D94-5CCB-4036-8080-E1AE05C6C6BA}.Debug|Any CPU.Build.0 = Debug|Any CPU
		{75C69D94-5CCB-4036-8080-E1AE05C6C6BA}.Release|Any CPU.ActiveCfg = Release|Any CPU
		{75C69D94-5CCB-4036-8080-E1AE05C6C6BA}.Release|Any CPU.Build.0 = Release|Any CPU
		{05057C56-8F2C-44A2-B14E-E9D9DEC8F89C}.Debug|Any CPU.ActiveCfg = Debug|Any CPU
		{05057C56-8F2C-44A2-B14E-E9D9DEC8F89C}.Debug|Any CPU.Build.0 = Debug|Any CPU
		{05057C56-8F2C-44A2-B14E-E9D9DEC8F89C}.Release|Any CPU.ActiveCfg = Release|Any CPU
		{05057C56-8F2C-44A2-B14E-E9D9DEC8F89C}.Release|Any CPU.Build.0 = Release|Any CPU
		{12F4A10C-369F-1DCC-2506-522160D22B7A}.Debug|Any CPU.ActiveCfg = Debug|Any CPU
		{12F4A10C-369F-1DCC-2506-522160D22B7A}.Debug|Any CPU.Build.0 = Debug|Any CPU
		{12F4A10C-369F-1DCC-2506-522160D22B7A}.Release|Any CPU.ActiveCfg = Release|Any CPU
		{12F4A10C-369F-1DCC-2506-522160D22B7A}.Release|Any CPU.Build.0 = Release|Any CPU
	EndGlobalSection
	GlobalSection(SolutionProperties) = preSolution
		HideSolutionNode = FALSE
	EndGlobalSection
	GlobalSection(ExtensibilityGlobals) = postSolution
		SolutionGuid = {54A34C8F-5553-4026-B288-C3216E5389CB}
	EndGlobalSection
EndGlobal
